<?xml version="1.0" encoding="UTF-8" standalone="yes" ?>
<CodeBlocks_project_file>
	<FileVersion major="1" minor="6" />
	<Project>
		<Option title="KrT_IIDX" />
		<Option makefile_is_custom="1" />
		<Option pch_mode="2" />
		<Option compiler="gcc" />
		<MakeCommands>
			<Build command="" />
			<CompileFile command="$make -f $makefile $file" />
			<Clean command="$make -f $makefile clean" />
			<DistClean command="$make -f $makefile distclean$target" />
			<AskRebuildNeeded command="$make -q -f $makefile $target" />
			<SilentBuild command=" &gt; $(CMD_NULL)" />
		</MakeCommands>
		<Build>
			<Target title="debug">
				<Option output="../KrT_IIDX" prefix_auto="1" extension_auto="1" />
				<Option working_dir=".." />
				<Option object_output="obj/Debug/" />
				<Option type="1" />
				<Option compiler="gcc" />
				<Compiler>
					<Add option="-g" />
				</Compiler>
				<MakeCommands>
					<Build command="" />
					<CompileFile command="" />
					<Clean command="" />
					<DistClean command="$make -f $makefile distclean$target" />
					<AskRebuildNeeded command="" />
					<SilentBuild command=" &gt; $(CMD_NULL)" />
				</MakeCommands>
			</Target>
			<Target title="release">
				<Option output="../KrT_IIDX" prefix_auto="1" extension_auto="1" />
				<Option working_dir=".." />
				<Option object_output="obj/Release/" />
				<Option type="1" />
				<Option compiler="gcc" />
				<Compiler>
					<Add option="-O2" />
				</Compiler>
				<Linker>
					<Add option="-s" />
				</Linker>
				<MakeCommands>
					<Build command="" />
					<CompileFile command="" />
					<Clean command="" />
					<DistClean command="$make -f $makefile distclean$target" />
					<AskRebuildNeeded command="" />
					<SilentBuild command=" &gt; $(CMD_NULL)" />
				</MakeCommands>
			</Target>
		</Build>
		<Compiler>
			<Add option="-Wall" />
		</Compiler>
		<Unit filename="../common/src/krt/krt.cpp" />
		<Unit filename="../common/src/krt/krt.hpp" />
		<Unit filename="../common/src/krt/vk/device.cpp" />
		<Unit filename="../common/src/krt/vk/glfw.cpp" />
		<Unit filename="../common/src/krt/vk/glfw.hpp" />
		<Unit filename="../common/src/krt/vk/instance.cpp" />
		<Unit filename="../common/src/krt/vk/physical.cpp" />
		<Unit filename="../common/src/krt/vk/queue.hpp" />
		<Unit filename="../common/src/krt/vk/queue_families.cpp" />
		<Unit filename="../common/src/krt/vk/vk.cpp" />
		<Unit filename="../common/src/krt/vk/vk.hpp" />
		<Unit filename="../common/src/main.cpp" />
		<Extensions>
			<editor_config active="0" use_tabs="0" tab_indents="1" tab_width="4" indent="4" eol_mode="0" />
			<code_completion>
				<search_path add="../common/libs/include" />
				<search_path add="..\common\src" />
			</code_completion>
			<envvars />
			<lib_finder disable_auto="1" />
			<debugger />
		</Extensions>
	</Project>
</CodeBlocks_project_file>
